// !$*UTF8*$!
{
	archiveVersion = 1;
	classes = {
	};
	objectVersion = 56;
	objects = {

/* Begin PBXBuildFile section */
		2A20093B2941A44700C85BE9 /* TutorialSecondViewController.m in Sources */ = {isa = PBXBuildFile; fileRef = 2A20093A2941A44700C85BE9 /* TutorialSecondViewController.m */; };
		2A6FD572293C3E4700A743A1 /* AppDelegate.m in Sources */ = {isa = PBXBuildFile; fileRef = 2A6FD571293C3E4700A743A1 /* AppDelegate.m */; };
		2A6FD575293C3E4700A743A1 /* SceneDelegate.m in Sources */ = {isa = PBXBuildFile; fileRef = 2A6FD574293C3E4700A743A1 /* SceneDelegate.m */; };
		2A6FD57B293C3E4700A743A1 /* Main.storyboard in Resources */ = {isa = PBXBuildFile; fileRef = 2A6FD579293C3E4700A743A1 /* Main.storyboard */; };
		2A6FD57D293C3E4800A743A1 /* Assets.xcassets in Resources */ = {isa = PBXBuildFile; fileRef = 2A6FD57C293C3E4800A743A1 /* Assets.xcassets */; };
		2A6FD580293C3E4800A743A1 /* LaunchScreen.storyboard in Resources */ = {isa = PBXBuildFile; fileRef = 2A6FD57E293C3E4800A743A1 /* LaunchScreen.storyboard */; };
		2A6FD583293C3E4800A743A1 /* main.m in Sources */ = {isa = PBXBuildFile; fileRef = 2A6FD582293C3E4800A743A1 /* main.m */; };
		2A8713AE2941F7B00032E006 /* TutorialThirdViewController.m in Sources */ = {isa = PBXBuildFile; fileRef = 2A8713AD2941F7B00032E006 /* TutorialThirdViewController.m */; };
		2A8713B12941F87A0032E006 /* TutorialFourthViewController.m in Sources */ = {isa = PBXBuildFile; fileRef = 2A8713B02941F87A0032E006 /* TutorialFourthViewController.m */; };
		2A9BC736293CC1F1008F149D /* TutorialPageViewController.m in Sources */ = {isa = PBXBuildFile; fileRef = 2A9BC735293CC1F1008F149D /* TutorialPageViewController.m */; };
		2AC27D71293F681300664526 /* UIView+Extension.m in Sources */ = {isa = PBXBuildFile; fileRef = 2AC27D70293F681300664526 /* UIView+Extension.m */; };
		2AC27D74293F6B2000664526 /* ThemeModel.m in Sources */ = {isa = PBXBuildFile; fileRef = 2AC27D73293F6B2000664526 /* ThemeModel.m */; };
		2AD7D541293F64E3008B0A0B /* TutorialFirstViewController.m in Sources */ = {isa = PBXBuildFile; fileRef = 2AD7D540293F64E3008B0A0B /* TutorialFirstViewController.m */; };
		2AECDA56293C4673005F4C28 /* SettingView.storyboard in Resources */ = {isa = PBXBuildFile; fileRef = 2AECDA55293C4673005F4C28 /* SettingView.storyboard */; };
		2AECDA58293C467F005F4C28 /* TutorialView.storyboard in Resources */ = {isa = PBXBuildFile; fileRef = 2AECDA57293C467F005F4C28 /* TutorialView.storyboard */; };
		2AECDA60293C4C5B005F4C28 /* ExpendableTableViewController.m in Sources */ = {isa = PBXBuildFile; fileRef = 2AECDA5F293C4C5B005F4C28 /* ExpendableTableViewController.m */; };
/* End PBXBuildFile section */

/* Begin PBXFileReference section */
		2A2009392941A44700C85BE9 /* TutorialSecondViewController.h */ = {isa = PBXFileReference; lastKnownFileType = sourcecode.c.h; path = TutorialSecondViewController.h; sourceTree = "<group>"; };
		2A20093A2941A44700C85BE9 /* TutorialSecondViewController.m */ = {isa = PBXFileReference; lastKnownFileType = sourcecode.c.objc; path = TutorialSecondViewController.m; sourceTree = "<group>"; };
		2A6FD56D293C3E4700A743A1 /* RestockListObjc.app */ = {isa = PBXFileReference; explicitFileType = wrapper.application; includeInIndex = 0; path = RestockListObjc.app; sourceTree = BUILT_PRODUCTS_DIR; };
		2A6FD570293C3E4700A743A1 /* AppDelegate.h */ = {isa = PBXFileReference; lastKnownFileType = sourcecode.c.h; path = AppDelegate.h; sourceTree = "<group>"; };
		2A6FD571293C3E4700A743A1 /* AppDelegate.m */ = {isa = PBXFileReference; lastKnownFileType = sourcecode.c.objc; path = AppDelegate.m; sourceTree = "<group>"; };
		2A6FD573293C3E4700A743A1 /* SceneDelegate.h */ = {isa = PBXFileReference; lastKnownFileType = sourcecode.c.h; path = SceneDelegate.h; sourceTree = "<group>"; };
		2A6FD574293C3E4700A743A1 /* SceneDelegate.m */ = {isa = PBXFileReference; lastKnownFileType = sourcecode.c.objc; path = SceneDelegate.m; sourceTree = "<group>"; };
		2A6FD57A293C3E4700A743A1 /* Base */ = {isa = PBXFileReference; lastKnownFileType = file.storyboard; name = Base; path = Base.lproj/Main.storyboard; sourceTree = "<group>"; };
		2A6FD57C293C3E4800A743A1 /* Assets.xcassets */ = {isa = PBXFileReference; lastKnownFileType = folder.assetcatalog; path = Assets.xcassets; sourceTree = "<group>"; };
		2A6FD57F293C3E4800A743A1 /* Base */ = {isa = PBXFileReference; lastKnownFileType = file.storyboard; name = Base; path = Base.lproj/LaunchScreen.storyboard; sourceTree = "<group>"; };
		2A6FD581293C3E4800A743A1 /* Info.plist */ = {isa = PBXFileReference; lastKnownFileType = text.plist.xml; path = Info.plist; sourceTree = "<group>"; };
		2A6FD582293C3E4800A743A1 /* main.m */ = {isa = PBXFileReference; lastKnownFileType = sourcecode.c.objc; path = main.m; sourceTree = "<group>"; };
		2A8713AC2941F7AF0032E006 /* TutorialThirdViewController.h */ = {isa = PBXFileReference; lastKnownFileType = sourcecode.c.h; path = TutorialThirdViewController.h; sourceTree = "<group>"; };
		2A8713AD2941F7B00032E006 /* TutorialThirdViewController.m */ = {isa = PBXFileReference; lastKnownFileType = sourcecode.c.objc; path = TutorialThirdViewController.m; sourceTree = "<group>"; };
		2A8713AF2941F87A0032E006 /* TutorialFourthViewController.h */ = {isa = PBXFileReference; lastKnownFileType = sourcecode.c.h; path = TutorialFourthViewController.h; sourceTree = "<group>"; };
		2A8713B02941F87A0032E006 /* TutorialFourthViewController.m */ = {isa = PBXFileReference; lastKnownFileType = sourcecode.c.objc; path = TutorialFourthViewController.m; sourceTree = "<group>"; };
		2A9BC734293CC1F1008F149D /* TutorialPageViewController.h */ = {isa = PBXFileReference; lastKnownFileType = sourcecode.c.h; path = TutorialPageViewController.h; sourceTree = "<group>"; };
		2A9BC735293CC1F1008F149D /* TutorialPageViewController.m */ = {isa = PBXFileReference; lastKnownFileType = sourcecode.c.objc; path = TutorialPageViewController.m; sourceTree = "<group>"; };
		2AC27D6F293F681300664526 /* UIView+Extension.h */ = {isa = PBXFileReference; lastKnownFileType = sourcecode.c.h; path = "UIView+Extension.h"; sourceTree = "<group>"; };
		2AC27D70293F681300664526 /* UIView+Extension.m */ = {isa = PBXFileReference; lastKnownFileType = sourcecode.c.objc; path = "UIView+Extension.m"; sourceTree = "<group>"; };
		2AC27D72293F6B2000664526 /* ThemeModel.h */ = {isa = PBXFileReference; lastKnownFileType = sourcecode.c.h; path = ThemeModel.h; sourceTree = "<group>"; };
		2AC27D73293F6B2000664526 /* ThemeModel.m */ = {isa = PBXFileReference; lastKnownFileType = sourcecode.c.objc; path = ThemeModel.m; sourceTree = "<group>"; };
		2AD7D53F293F64E3008B0A0B /* TutorialFirstViewController.h */ = {isa = PBXFileReference; lastKnownFileType = sourcecode.c.h; path = TutorialFirstViewController.h; sourceTree = "<group>"; };
		2AD7D540293F64E3008B0A0B /* TutorialFirstViewController.m */ = {isa = PBXFileReference; lastKnownFileType = sourcecode.c.objc; path = TutorialFirstViewController.m; sourceTree = "<group>"; };
		2AECDA55293C4673005F4C28 /* SettingView.storyboard */ = {isa = PBXFileReference; fileEncoding = 4; lastKnownFileType = file.storyboard; path = SettingView.storyboard; sourceTree = "<group>"; };
		2AECDA57293C467F005F4C28 /* TutorialView.storyboard */ = {isa = PBXFileReference; fileEncoding = 4; lastKnownFileType = file.storyboard; path = TutorialView.storyboard; sourceTree = "<group>"; };
		2AECDA5E293C4C5B005F4C28 /* ExpendableTableViewController.h */ = {isa = PBXFileReference; lastKnownFileType = sourcecode.c.h; path = ExpendableTableViewController.h; sourceTree = "<group>"; };
		2AECDA5F293C4C5B005F4C28 /* ExpendableTableViewController.m */ = {isa = PBXFileReference; lastKnownFileType = sourcecode.c.objc; path = ExpendableTableViewController.m; sourceTree = "<group>"; };
/* End PBXFileReference section */

/* Begin PBXFrameworksBuildPhase section */
		2A6FD56A293C3E4700A743A1 /* Frameworks */ = {
			isa = PBXFrameworksBuildPhase;
			buildActionMask = 2147483647;
			files = (
			);
			runOnlyForDeploymentPostprocessing = 0;
		};
/* End PBXFrameworksBuildPhase section */

/* Begin PBXGroup section */
		2A6FD564293C3E4700A743A1 = {
			isa = PBXGroup;
			children = (
				2A6FD56F293C3E4700A743A1 /* RestockListObjc */,
				2A6FD56E293C3E4700A743A1 /* Products */,
			);
			sourceTree = "<group>";
		};
		2A6FD56E293C3E4700A743A1 /* Products */ = {
			isa = PBXGroup;
			children = (
				2A6FD56D293C3E4700A743A1 /* RestockListObjc.app */,
			);
			name = Products;
			sourceTree = "<group>";
		};
		2A6FD56F293C3E4700A743A1 /* RestockListObjc */ = {
			isa = PBXGroup;
			children = (
				2A6FD581293C3E4800A743A1 /* Info.plist */,
				2A6FD57C293C3E4800A743A1 /* Assets.xcassets */,
				2A6FD570293C3E4700A743A1 /* AppDelegate.h */,
				2A6FD571293C3E4700A743A1 /* AppDelegate.m */,
				2A6FD573293C3E4700A743A1 /* SceneDelegate.h */,
				2A6FD574293C3E4700A743A1 /* SceneDelegate.m */,
				2A6FD582293C3E4800A743A1 /* main.m */,
				2A7E40B0293C3F23002A651A /* Model */,
				2A7E40B1293C3F37002A651A /* View */,
				2A7E40B2293C3F3D002A651A /* Controller */,
				2AECDA54293C45B0005F4C28 /* Resources */,
			);
			path = RestockListObjc;
			sourceTree = "<group>";
		};
		2A7E40B0293C3F23002A651A /* Model */ = {
			isa = PBXGroup;
			children = (
				2AC27D6F293F681300664526 /* UIView+Extension.h */,
				2AC27D70293F681300664526 /* UIView+Extension.m */,
				2AC27D72293F6B2000664526 /* ThemeModel.h */,
				2AC27D73293F6B2000664526 /* ThemeModel.m */,
			);
			path = Model;
			sourceTree = "<group>";
		};
		2A7E40B1293C3F37002A651A /* View */ = {
			isa = PBXGroup;
			children = (
			);
			path = View;
			sourceTree = "<group>";
		};
		2A7E40B2293C3F3D002A651A /* Controller */ = {
			isa = PBXGroup;
			children = (
				2AECDA5E293C4C5B005F4C28 /* ExpendableTableViewController.h */,
				2AECDA5F293C4C5B005F4C28 /* ExpendableTableViewController.m */,
				2A9BC734293CC1F1008F149D /* TutorialPageViewController.h */,
				2A9BC735293CC1F1008F149D /* TutorialPageViewController.m */,
				2AD7D53F293F64E3008B0A0B /* TutorialFirstViewController.h */,
				2AD7D540293F64E3008B0A0B /* TutorialFirstViewController.m */,
				2A2009392941A44700C85BE9 /* TutorialSecondViewController.h */,
				2A20093A2941A44700C85BE9 /* TutorialSecondViewController.m */,
				2A8713AC2941F7AF0032E006 /* TutorialThirdViewController.h */,
				2A8713AD2941F7B00032E006 /* TutorialThirdViewController.m */,
				2A8713AF2941F87A0032E006 /* TutorialFourthViewController.h */,
				2A8713B02941F87A0032E006 /* TutorialFourthViewController.m */,
			);
			path = Controller;
			sourceTree = "<group>";
		};
		2AECDA54293C45B0005F4C28 /* Resources */ = {
			isa = PBXGroup;
			children = (
				2A6FD579293C3E4700A743A1 /* Main.storyboard */,
				2AECDA57293C467F005F4C28 /* TutorialView.storyboard */,
				2AECDA55293C4673005F4C28 /* SettingView.storyboard */,
				2A6FD57E293C3E4800A743A1 /* LaunchScreen.storyboard */,
			);
			path = Resources;
			sourceTree = "<group>";
		};
/* End PBXGroup section */

/* Begin PBXNativeTarget section */
		2A6FD56C293C3E4700A743A1 /* RestockListObjc */ = {
			isa = PBXNativeTarget;
			buildConfigurationList = 2A6FD586293C3E4800A743A1 /* Build configuration list for PBXNativeTarget "RestockListObjc" */;
			buildPhases = (
				2A6FD569293C3E4700A743A1 /* Sources */,
				2A6FD56A293C3E4700A743A1 /* Frameworks */,
				2A6FD56B293C3E4700A743A1 /* Resources */,
			);
			buildRules = (
			);
			dependencies = (
			);
			name = RestockListObjc;
			packageProductDependencies = (
			);
			productName = RestockListObjc;
			productReference = 2A6FD56D293C3E4700A743A1 /* RestockListObjc.app */;
			productType = "com.apple.product-type.application";
		};
/* End PBXNativeTarget section */

/* Begin PBXProject section */
		2A6FD565293C3E4700A743A1 /* Project object */ = {
			isa = PBXProject;
			attributes = {
				BuildIndependentTargetsInParallel = 1;
				LastUpgradeCheck = 1410;
				TargetAttributes = {
					2A6FD56C293C3E4700A743A1 = {
						CreatedOnToolsVersion = 14.1;
						LastSwiftMigration = 1410;
					};
				};
			};
			buildConfigurationList = 2A6FD568293C3E4700A743A1 /* Build configuration list for PBXProject "RestockListObjc" */;
			compatibilityVersion = "Xcode 14.0";
			developmentRegion = en;
			hasScannedForEncodings = 0;
			knownRegions = (
				en,
				Base,
			);
			mainGroup = 2A6FD564293C3E4700A743A1;
			packageReferences = (
				2AECDA51293C43B9005F4C28 /* XCRemoteSwiftPackageReference "realm-swift" */,
				2AECDA59293C47BA005F4C28 /* XCRemoteSwiftPackageReference "R.swift" */,
			);
			productRefGroup = 2A6FD56E293C3E4700A743A1 /* Products */;
			projectDirPath = "";
			projectRoot = "";
			targets = (
				2A6FD56C293C3E4700A743A1 /* RestockListObjc */,
			);
		};
/* End PBXProject section */

/* Begin PBXResourcesBuildPhase section */
		2A6FD56B293C3E4700A743A1 /* Resources */ = {
			isa = PBXResourcesBuildPhase;
			buildActionMask = 2147483647;
			files = (
				2A6FD580293C3E4800A743A1 /* LaunchScreen.storyboard in Resources */,
				2A6FD57D293C3E4800A743A1 /* Assets.xcassets in Resources */,
				2AECDA58293C467F005F4C28 /* TutorialView.storyboard in Resources */,
				2AECDA56293C4673005F4C28 /* SettingView.storyboard in Resources */,
				2A6FD57B293C3E4700A743A1 /* Main.storyboard in Resources */,
			);
			runOnlyForDeploymentPostprocessing = 0;
		};
/* End PBXResourcesBuildPhase section */

/* Begin PBXSourcesBuildPhase section */
		2A6FD569293C3E4700A743A1 /* Sources */ = {
			isa = PBXSourcesBuildPhase;
			buildActionMask = 2147483647;
			files = (
				2A6FD572293C3E4700A743A1 /* AppDelegate.m in Sources */,
				2A8713B12941F87A0032E006 /* TutorialFourthViewController.m in Sources */,
				2AD7D541293F64E3008B0A0B /* TutorialFirstViewController.m in Sources */,
				2A20093B2941A44700C85BE9 /* TutorialSecondViewController.m in Sources */,
				2A9BC736293CC1F1008F149D /* TutorialPageViewController.m in Sources */,
				2AC27D74293F6B2000664526 /* ThemeModel.m in Sources */,
				2AC27D71293F681300664526 /* UIView+Extension.m in Sources */,
				2AECDA60293C4C5B005F4C28 /* ExpendableTableViewController.m in Sources */,
				2A6FD583293C3E4800A743A1 /* main.m in Sources */,
				2A8713AE2941F7B00032E006 /* TutorialThirdViewController.m in Sources */,
				2A6FD575293C3E4700A743A1 /* SceneDelegate.m in Sources */,
			);
			runOnlyForDeploymentPostprocessing = 0;
		};
/* End PBXSourcesBuildPhase section */

/* Begin PBXVariantGroup section */
		2A6FD579293C3E4700A743A1 /* Main.storyboard */ = {
			isa = PBXVariantGroup;
			children = (
				2A6FD57A293C3E4700A743A1 /* Base */,
			);
			name = Main.storyboard;
			sourceTree = "<group>";
		};
		2A6FD57E293C3E4800A743A1 /* LaunchScreen.storyboard */ = {
			isa = PBXVariantGroup;
			children = (
				2A6FD57F293C3E4800A743A1 /* Base */,
			);
			name = LaunchScreen.storyboard;
			sourceTree = "<group>";
		};
/* End PBXVariantGroup section */

/* Begin XCBuildConfiguration section */
		2A6FD584293C3E4800A743A1 /* Debug */ = {
			isa = XCBuildConfiguration;
			buildSettings = {
				ALWAYS_SEARCH_USER_PATHS = NO;
				CLANG_ANALYZER_NONNULL = YES;
				CLANG_ANALYZER_NUMBER_OBJECT_CONVERSION = YES_AGGRESSIVE;
				CLANG_CXX_LANGUAGE_STANDARD = "gnu++20";
				CLANG_ENABLE_MODULES = YES;
				CLANG_ENABLE_OBJC_ARC = YES;
				CLANG_ENABLE_OBJC_WEAK = YES;
				CLANG_WARN_BLOCK_CAPTURE_AUTORELEASING = YES;
				CLANG_WARN_BOOL_CONVERSION = YES;
				CLANG_WARN_COMMA = YES;
				CLANG_WARN_CONSTANT_CONVERSION = YES;
				CLANG_WARN_DEPRECATED_OBJC_IMPLEMENTATIONS = YES;
				CLANG_WARN_DIRECT_OBJC_ISA_USAGE = YES_ERROR;
				CLANG_WARN_DOCUMENTATION_COMMENTS = YES;
				CLANG_WARN_EMPTY_BODY = YES;
				CLANG_WARN_ENUM_CONVERSION = YES;
				CLANG_WARN_INFINITE_RECURSION = YES;
				CLANG_WARN_INT_CONVERSION = YES;
				CLANG_WARN_NON_LITERAL_NULL_CONVERSION = YES;
				CLANG_WARN_OBJC_IMPLICIT_RETAIN_SELF = YES;
				CLANG_WARN_OBJC_LITERAL_CONVERSION = YES;
				CLANG_WARN_OBJC_ROOT_CLASS = YES_ERROR;
				CLANG_WARN_QUOTED_INCLUDE_IN_FRAMEWORK_HEADER = YES;
				CLANG_WARN_RANGE_LOOP_ANALYSIS = YES;
				CLANG_WARN_STRICT_PROTOTYPES = YES;
				CLANG_WARN_SUSPICIOUS_MOVE = YES;
				CLANG_WARN_UNGUARDED_AVAILABILITY = YES_AGGRESSIVE;
				CLANG_WARN_UNREACHABLE_CODE = YES;
				CLANG_WARN__DUPLICATE_METHOD_MATCH = YES;
				COPY_PHASE_STRIP = NO;
				DEBUG_INFORMATION_FORMAT = dwarf;
				ENABLE_STRICT_OBJC_MSGSEND = YES;
				ENABLE_TESTABILITY = YES;
				GCC_C_LANGUAGE_STANDARD = gnu11;
				GCC_DYNAMIC_NO_PIC = NO;
				GCC_NO_COMMON_BLOCKS = YES;
				GCC_OPTIMIZATION_LEVEL = 0;
				GCC_PREPROCESSOR_DEFINITIONS = (
					"DEBUG=1",
					"$(inherited)",
				);
				GCC_WARN_64_TO_32_BIT_CONVERSION = YES;
				GCC_WARN_ABOUT_RETURN_TYPE = YES_ERROR;
				GCC_WARN_UNDECLARED_SELECTOR = YES;
				GCC_WARN_UNINITIALIZED_AUTOS = YES_AGGRESSIVE;
				GCC_WARN_UNUSED_FUNCTION = YES;
				GCC_WARN_UNUSED_VARIABLE = YES;
				IPHONEOS_DEPLOYMENT_TARGET = 15.0;
				MTL_ENABLE_DEBUG_INFO = INCLUDE_SOURCE;
				MTL_FAST_MATH = YES;
				ONLY_ACTIVE_ARCH = YES;
				SDKROOT = iphoneos;
			};
			name = Debug;
		};
		2A6FD585293C3E4800A743A1 /* Release */ = {
			isa = XCBuildConfiguration;
			buildSettings = {
				ALWAYS_SEARCH_USER_PATHS = NO;
				CLANG_ANALYZER_NONNULL = YES;
				CLANG_ANALYZER_NUMBER_OBJECT_CONVERSION = YES_AGGRESSIVE;
				CLANG_CXX_LANGUAGE_STANDARD = "gnu++20";
				CLANG_ENABLE_MODULES = YES;
				CLANG_ENABLE_OBJC_ARC = YES;
				CLANG_ENABLE_OBJC_WEAK = YES;
				CLANG_WARN_BLOCK_CAPTURE_AUTORELEASING = YES;
				CLANG_WARN_BOOL_CONVERSION = YES;
				CLANG_WARN_COMMA = YES;
				CLANG_WARN_CONSTANT_CONVERSION = YES;
				CLANG_WARN_DEPRECATED_OBJC_IMPLEMENTATIONS = YES;
				CLANG_WARN_DIRECT_OBJC_ISA_USAGE = YES_ERROR;
				CLANG_WARN_DOCUMENTATION_COMMENTS = YES;
				CLANG_WARN_EMPTY_BODY = YES;
				CLANG_WARN_ENUM_CONVERSION = YES;
				CLANG_WARN_INFINITE_RECURSION = YES;
				CLANG_WARN_INT_CONVERSION = YES;
				CLANG_WARN_NON_LITERAL_NULL_CONVERSION = YES;
				CLANG_WARN_OBJC_IMPLICIT_RETAIN_SELF = YES;
				CLANG_WARN_OBJC_LITERAL_CONVERSION = YES;
				CLANG_WARN_OBJC_ROOT_CLASS = YES_ERROR;
				CLANG_WARN_QUOTED_INCLUDE_IN_FRAMEWORK_HEADER = YES;
				CLANG_WARN_RANGE_LOOP_ANALYSIS = YES;
				CLANG_WARN_STRICT_PROTOTYPES = YES;
				CLANG_WARN_SUSPICIOUS_MOVE = YES;
				CLANG_WARN_UNGUARDED_AVAILABILITY = YES_AGGRESSIVE;
				CLANG_WARN_UNREACHABLE_CODE = YES;
				CLANG_WARN__DUPLICATE_METHOD_MATCH = YES;
				COPY_PHASE_STRIP = NO;
				DEBUG_INFORMATION_FORMAT = "dwarf-with-dsym";
				ENABLE_NS_ASSERTIONS = NO;
				ENABLE_STRICT_OBJC_MSGSEND = YES;
				GCC_C_LANGUAGE_STANDARD = gnu11;
				GCC_NO_COMMON_BLOCKS = YES;
				GCC_WARN_64_TO_32_BIT_CONVERSION = YES;
				GCC_WARN_ABOUT_RETURN_TYPE = YES_ERROR;
				GCC_WARN_UNDECLARED_SELECTOR = YES;
				GCC_WARN_UNINITIALIZED_AUTOS = YES_AGGRESSIVE;
				GCC_WARN_UNUSED_FUNCTION = YES;
				GCC_WARN_UNUSED_VARIABLE = YES;
				IPHONEOS_DEPLOYMENT_TARGET = 15.0;
				MTL_ENABLE_DEBUG_INFO = NO;
				MTL_FAST_MATH = YES;
				SDKROOT = iphoneos;
				VALIDATE_PRODUCT = YES;
			};
			name = Release;
		};
		2A6FD587293C3E4800A743A1 /* Debug */ = {
			isa = XCBuildConfiguration;
			buildSettings = {
				ASSETCATALOG_COMPILER_APPICON_NAME = AppIcon0;
				ASSETCATALOG_COMPILER_GLOBAL_ACCENT_COLOR_NAME = AccentColor;
				ASSETCATALOG_COMPILER_INCLUDE_ALL_APPICON_ASSETS = YES;
				CLANG_ENABLE_MODULES = YES;
				CODE_SIGN_STYLE = Automatic;
				CURRENT_PROJECT_VERSION = 1;
				DEVELOPMENT_TEAM = DS86AF5N83;
				GENERATE_INFOPLIST_FILE = YES;
				INFOPLIST_FILE = RestockListObjc/Info.plist;
				INFOPLIST_KEY_CFBundleDisplayName = "消耗品リスト";
				INFOPLIST_KEY_LSApplicationCategoryType = "public.app-category.utilities";
				INFOPLIST_KEY_UIApplicationSupportsIndirectInputEvents = YES;
				INFOPLIST_KEY_UILaunchStoryboardName = LaunchScreen;
				INFOPLIST_KEY_UIMainStoryboardFile = Main;
				INFOPLIST_KEY_UIStatusBarStyle = UIStatusBarStyleLightContent;
				INFOPLIST_KEY_UISupportedInterfaceOrientations = UIInterfaceOrientationPortrait;
				IPHONEOS_DEPLOYMENT_TARGET = 15.0;
				LD_RUNPATH_SEARCH_PATHS = (
					"$(inherited)",
					"@executable_path/Frameworks",
				);
				MARKETING_VERSION = 1.0;
				PRODUCT_BUNDLE_IDENTIFIER = yazujumusa.RestockListObjc;
				PRODUCT_NAME = "$(TARGET_NAME)";
				SUPPORTED_PLATFORMS = "iphoneos iphonesimulator";
				SUPPORTS_MACCATALYST = NO;
				SUPPORTS_MAC_DESIGNED_FOR_IPHONE_IPAD = NO;
				SWIFT_EMIT_LOC_STRINGS = YES;
				SWIFT_OPTIMIZATION_LEVEL = "-Onone";
				SWIFT_VERSION = 5.0;
				TARGETED_DEVICE_FAMILY = 1;
			};
			name = Debug;
		};
		2A6FD588293C3E4800A743A1 /* Release */ = {
			isa = XCBuildConfiguration;
			buildSettings = {
				ASSETCATALOG_COMPILER_APPICON_NAME = AppIcon0;
				ASSETCATALOG_COMPILER_GLOBAL_ACCENT_COLOR_NAME = AccentColor;
				ASSETCATALOG_COMPILER_INCLUDE_ALL_APPICON_ASSETS = YES;
				CLANG_ENABLE_MODULES = YES;
				CODE_SIGN_STYLE = Automatic;
				CURRENT_PROJECT_VERSION = 1;
				DEVELOPMENT_TEAM = DS86AF5N83;
				GENERATE_INFOPLIST_FILE = YES;
				INFOPLIST_FILE = RestockListObjc/Info.plist;
				INFOPLIST_KEY_CFBundleDisplayName = "消耗品リスト";
				INFOPLIST_KEY_LSApplicationCategoryType = "public.app-category.utilities";
				INFOPLIST_KEY_UIApplicationSupportsIndirectInputEvents = YES;
				INFOPLIST_KEY_UILaunchStoryboardName = LaunchScreen;
				INFOPLIST_KEY_UIMainStoryboardFile = Main;
				INFOPLIST_KEY_UIStatusBarStyle = UIStatusBarStyleLightContent;
				INFOPLIST_KEY_UISupportedInterfaceOrientations = UIInterfaceOrientationPortrait;
				IPHONEOS_DEPLOYMENT_TARGET = 15.0;
				LD_RUNPATH_SEARCH_PATHS = (
					"$(inherited)",
					"@executable_path/Frameworks",
				);
				MARKETING_VERSION = 1.0;
				PRODUCT_BUNDLE_IDENTIFIER = yazujumusa.RestockListObjc;
				PRODUCT_NAME = "$(TARGET_NAME)";
				SUPPORTED_PLATFORMS = "iphoneos iphonesimulator";
				SUPPORTS_MACCATALYST = NO;
				SUPPORTS_MAC_DESIGNED_FOR_IPHONE_IPAD = NO;
				SWIFT_EMIT_LOC_STRINGS = YES;
				SWIFT_VERSION = 5.0;
				TARGETED_DEVICE_FAMILY = 1;
			};
			name = Release;
		};
/* End XCBuildConfiguration section */

/* Begin XCConfigurationList section */
		2A6FD568293C3E4700A743A1 /* Build configuration list for PBXProject "RestockListObjc" */ = {
			isa = XCConfigurationList;
			buildConfigurations = (
				2A6FD584293C3E4800A743A1 /* Debug */,
				2A6FD585293C3E4800A743A1 /* Release */,
			);
			defaultConfigurationIsVisible = 0;
			defaultConfigurationName = Release;
		};
		2A6FD586293C3E4800A743A1 /* Build configuration list for PBXNativeTarget "RestockListObjc" */ = {
			isa = XCConfigurationList;
			buildConfigurations = (
				2A6FD587293C3E4800A743A1 /* Debug */,
				2A6FD588293C3E4800A743A1 /* Release */,
			);
			defaultConfigurationIsVisible = 0;
			defaultConfigurationName = Release;
		};
/* End XCConfigurationList section */

/* Begin XCRemoteSwiftPackageReference section */
		2AECDA51293C43B9005F4C28 /* XCRemoteSwiftPackageReference "realm-swift" */ = {
			isa = XCRemoteSwiftPackageReference;
			repositoryURL = "https://github.com/realm/realm-swift.git";
			requirement = {
				branch = master;
				kind = branch;
			};
		};
		2AECDA59293C47BA005F4C28 /* XCRemoteSwiftPackageReference "R.swift" */ = {
			isa = XCRemoteSwiftPackageReference;
			repositoryURL = "https://github.com/mac-cain13/R.swift.git";
			requirement = {
				kind = upToNextMajorVersion;
				minimumVersion = 7.0.0;
			};
		};
/* End XCRemoteSwiftPackageReference section */
	};
	rootObject = 2A6FD565293C3E4700A743A1 /* Project object */;
}
